
Microsoft Visual Studio Solution File, Format Version 12.00
# Visual Studio Version 17
VisualStudioVersion = 17.11.35219.272
MinimumVisualStudioVersion = 10.0.40219.1
Project("{FAE04EC0-301F-11D3-BF4B-00C04F79EFBC}") = "Bai2_LTMTW", "Bai2_LTMTW\Bai2_LTMTW.csproj", "{3D56E064-4209-46AA-924D-0A211FD3085D}"
EndProject
Global
	GlobalSection(SolutionConfigurationPlatforms) = preSolution
		Debug|Any CPU = Debug|Any CPU
		Release|Any CPU = Release|Any CPU
	EndGlobalSection
	GlobalSection(ProjectConfigurationPlatforms) = postSolution
		{3D56E064-4209-46AA-924D-0A211FD3085D}.Debug|Any CPU.ActiveCfg = Debug|Any CPU
		{3D56E064-4209-46AA-924D-0A211FD3085D}.Debug|Any CPU.Build.0 = Debug|Any CPU
		{3D56E064-4209-46AA-924D-0A211FD3085D}.Release|Any CPU.ActiveCfg = Release|Any CPU
		{3D56E064-4209-46AA-924D-0A211FD3085D}.Release|Any CPU.Build.0 = Release|Any CPU
	EndGlobalSection
	GlobalSection(SolutionProperties) = preSolution
		HideSolutionNode = FALSE
	EndGlobalSection
	GlobalSection(ExtensibilityGlobals) = postSolution
		SolutionGuid = {7F501DB9-D012-4ADB-8071-CE44EF21B41C}
	EndGlobalSection
EndGlobal
